# This file was autogenerated by Stack.
# You should not edit this file by hand.
# For more information, please see the documentation at:
#   https://docs.haskellstack.org/en/stable/lock_files

packages:
- completed:
    hackage: paint-2.0.0@sha256:b892916be73af98bd62372df7cee15a917bcea7345e00dfed3b02086cdd2c956,1584
    pantry-tree:
      size: 381
      sha256: 2859026653c228f4e72b87f520d9dc80e4387a28235d97bf15b87ee5e90fad15
  original:
    hackage: paint-2.0.0@sha256:b892916be73af98bd62372df7cee15a917bcea7345e00dfed3b02086cdd2c956,1584
snapshots:
- completed:
    size: 531701
    url: https://raw.githubusercontent.com/commercialhaskell/stackage-snapshots/master/lts/16/4.yaml
    sha256: d6119cdacc6d6b39c0bb8f6e11e8db6a21e92a38552e0d553414ba346592b53f
  original: lts-16.4
